
Microsoft Visual Studio Solution File, Format Version 12.00
# Visual Studio 15
VisualStudioVersion = 15.0.26730.10
MinimumVisualStudioVersion = 10.0.40219.1
Project("{FAE04EC0-301F-11D3-BF4B-00C04F79EFBC}") = "EmpathyAPI", "EmpathyAPI\EmpathyAPI.csproj", "{2F61B7BD-7DA7-4577-A087-4EB8E366EFD7}"
EndProject
Global
	GlobalSection(SolutionConfigurationPlatforms) = preSolution
		Debug|Any CPU = Debug|Any CPU
		Release|Any CPU = Release|Any CPU
	EndGlobalSection
	GlobalSection(ProjectConfigurationPlatforms) = postSolution
		{2F61B7BD-7DA7-4577-A087-4EB8E366EFD7}.Debug|Any CPU.ActiveCfg = Debug|Any CPU
		{2F61B7BD-7DA7-4577-A087-4EB8E366EFD7}.Debug|Any CPU.Build.0 = Debug|Any CPU
		{2F61B7BD-7DA7-4577-A087-4EB8E366EFD7}.Release|Any CPU.ActiveCfg = Release|Any CPU
		{2F61B7BD-7DA7-4577-A087-4EB8E366EFD7}.Release|Any CPU.Build.0 = Release|Any CPU
	EndGlobalSection
	GlobalSection(SolutionProperties) = preSolution
		HideSolutionNode = FALSE
	EndGlobalSection
	GlobalSection(ExtensibilityGlobals) = postSolution
		SolutionGuid = {F96B4373-6305-4387-9CAB-B060E3DCC607}
	EndGlobalSection
EndGlobal
